// !$*UTF8*$!
{
	archiveVersion = 1;
	classes = {
	};
	objectVersion = 51;
	objects = {

/* Begin PBXBuildFile section */
		07DEC2713A9706D97D46CCEC /* Pods_oliveiras_bot.framework in Frameworks */ = {isa = PBXBuildFile; fileRef = FC442FAC5115D5F0825E4DFF /* Pods_oliveiras_bot.framework */; };
		0B7CEA9D246EC339004B4255 /* Statistics.storyboard in Resources */ = {isa = PBXBuildFile; fileRef = 0B7CEA9C246EC339004B4255 /* Statistics.storyboard */; };
		2F4A5556246EE26700AD592F /* VisaoGeralTableViewCell.swift in Sources */ = {isa = PBXBuildFile; fileRef = 2F4A5554246EE26700AD592F /* VisaoGeralTableViewCell.swift */; };
		2F4A5559246EECEC00AD592F /* SSTableViewController.swift in Sources */ = {isa = PBXBuildFile; fileRef = 2F4A5558246EECEC00AD592F /* SSTableViewController.swift */; };
		2F7E77A2246D947F00DE2FF0 /* GoogleService-Info.plist in Resources */ = {isa = PBXBuildFile; fileRef = 2F7E77A1246D947F00DE2FF0 /* GoogleService-Info.plist */; };
		2F94DACE2472F32E00ED577C /* VisaoGeralTableViewCell.xib in Resources */ = {isa = PBXBuildFile; fileRef = 2F94DACD2472F32E00ED577C /* VisaoGeralTableViewCell.xib */; };
		2F99D08324322A8E006C8BD3 /* AppDelegate.swift in Sources */ = {isa = PBXBuildFile; fileRef = 2F99D08224322A8E006C8BD3 /* AppDelegate.swift */; };
		2F99D08524322A8E006C8BD3 /* SceneDelegate.swift in Sources */ = {isa = PBXBuildFile; fileRef = 2F99D08424322A8E006C8BD3 /* SceneDelegate.swift */; };
		2F99D08A24322A8E006C8BD3 /* Main.storyboard in Resources */ = {isa = PBXBuildFile; fileRef = 2F99D08824322A8E006C8BD3 /* Main.storyboard */; };
		2F99D08C24322A90006C8BD3 /* Assets.xcassets in Resources */ = {isa = PBXBuildFile; fileRef = 2F99D08B24322A90006C8BD3 /* Assets.xcassets */; };
		2F99D08F24322A90006C8BD3 /* LaunchScreen.storyboard in Resources */ = {isa = PBXBuildFile; fileRef = 2F99D08D24322A90006C8BD3 /* LaunchScreen.storyboard */; };
		9C2D93F624643D030028F0EC /* StatisticsTableViewController.swift in Sources */ = {isa = PBXBuildFile; fileRef = 9C2D93F524643D030028F0EC /* StatisticsTableViewController.swift */; };
		9C2D93F824643D150028F0EC /* FAQController.swift in Sources */ = {isa = PBXBuildFile; fileRef = 9C2D93F724643D150028F0EC /* FAQController.swift */; };
		9CD47AFA2460355A0098D864 /* ChatbotController.swift in Sources */ = {isa = PBXBuildFile; fileRef = 9CD47AF92460355A0098D864 /* ChatbotController.swift */; };
		9CF4996B2462DCA2005699EC /* Message.swift in Sources */ = {isa = PBXBuildFile; fileRef = 9CF4996A2462DCA2005699EC /* Message.swift */; };
		9CF4996D2462E962005699EC /* MessageCell.swift in Sources */ = {isa = PBXBuildFile; fileRef = 9CF4996C2462E962005699EC /* MessageCell.swift */; };
/* End PBXBuildFile section */

/* Begin PBXFileReference section */
		2F4A5554246EE26700AD592F /* VisaoGeralTableViewCell.swift */ = {isa = PBXFileReference; lastKnownFileType = sourcecode.swift; path = VisaoGeralTableViewCell.swift; sourceTree = "<group>"; };
		0B7CEA9C246EC339004B4255 /* Statistics.storyboard */ = {isa = PBXFileReference; lastKnownFileType = file.storyboard; path = Statistics.storyboard; sourceTree = "<group>"; };
		2F4A5558246EECEC00AD592F /* SSTableViewController.swift */ = {isa = PBXFileReference; lastKnownFileType = sourcecode.swift; path = SSTableViewController.swift; sourceTree = "<group>"; };
		2F7E77A1246D947F00DE2FF0 /* GoogleService-Info.plist */ = {isa = PBXFileReference; fileEncoding = 4; lastKnownFileType = text.plist.xml; path = "GoogleService-Info.plist"; sourceTree = "<group>"; };
		2F94DACD2472F32E00ED577C /* VisaoGeralTableViewCell.xib */ = {isa = PBXFileReference; lastKnownFileType = file.xib; path = VisaoGeralTableViewCell.xib; sourceTree = "<group>"; };
		2F99D07F24322A8E006C8BD3 /* oliveiras-bot.app */ = {isa = PBXFileReference; explicitFileType = wrapper.application; includeInIndex = 0; path = "oliveiras-bot.app"; sourceTree = BUILT_PRODUCTS_DIR; };
		2F99D08224322A8E006C8BD3 /* AppDelegate.swift */ = {isa = PBXFileReference; lastKnownFileType = sourcecode.swift; path = AppDelegate.swift; sourceTree = "<group>"; };
		2F99D08424322A8E006C8BD3 /* SceneDelegate.swift */ = {isa = PBXFileReference; lastKnownFileType = sourcecode.swift; path = SceneDelegate.swift; sourceTree = "<group>"; };
		2F99D08924322A8E006C8BD3 /* Base */ = {isa = PBXFileReference; lastKnownFileType = file.storyboard; name = Base; path = Base.lproj/Main.storyboard; sourceTree = "<group>"; };
		2F99D08B24322A90006C8BD3 /* Assets.xcassets */ = {isa = PBXFileReference; lastKnownFileType = folder.assetcatalog; path = Assets.xcassets; sourceTree = "<group>"; };
		2F99D08E24322A90006C8BD3 /* Base */ = {isa = PBXFileReference; lastKnownFileType = file.storyboard; name = Base; path = Base.lproj/LaunchScreen.storyboard; sourceTree = "<group>"; };
		2F99D09024322A90006C8BD3 /* Info.plist */ = {isa = PBXFileReference; lastKnownFileType = text.plist.xml; path = Info.plist; sourceTree = "<group>"; };
		6D56B23623790BC180C2590F /* Pods-oliveiras-bot.debug.xcconfig */ = {isa = PBXFileReference; includeInIndex = 1; lastKnownFileType = text.xcconfig; name = "Pods-oliveiras-bot.debug.xcconfig"; path = "Target Support Files/Pods-oliveiras-bot/Pods-oliveiras-bot.debug.xcconfig"; sourceTree = "<group>"; };
		9C2D93F524643D030028F0EC /* StatisticsTableViewController.swift */ = {isa = PBXFileReference; lastKnownFileType = sourcecode.swift; path = StatisticsTableViewController.swift; sourceTree = "<group>"; };
		9C2D93F724643D150028F0EC /* FAQController.swift */ = {isa = PBXFileReference; lastKnownFileType = sourcecode.swift; path = FAQController.swift; sourceTree = "<group>"; };
		9CD47AF92460355A0098D864 /* ChatbotController.swift */ = {isa = PBXFileReference; lastKnownFileType = sourcecode.swift; path = ChatbotController.swift; sourceTree = "<group>"; };
		9CF4996A2462DCA2005699EC /* Message.swift */ = {isa = PBXFileReference; lastKnownFileType = sourcecode.swift; path = Message.swift; sourceTree = "<group>"; };
		9CF4996C2462E962005699EC /* MessageCell.swift */ = {isa = PBXFileReference; lastKnownFileType = sourcecode.swift; path = MessageCell.swift; sourceTree = "<group>"; };
		A3A533FA133524D938187BA1 /* Pods-oliveiras-bot.release.xcconfig */ = {isa = PBXFileReference; includeInIndex = 1; lastKnownFileType = text.xcconfig; name = "Pods-oliveiras-bot.release.xcconfig"; path = "Target Support Files/Pods-oliveiras-bot/Pods-oliveiras-bot.release.xcconfig"; sourceTree = "<group>"; };
		FC442FAC5115D5F0825E4DFF /* Pods_oliveiras_bot.framework */ = {isa = PBXFileReference; explicitFileType = wrapper.framework; includeInIndex = 0; path = Pods_oliveiras_bot.framework; sourceTree = BUILT_PRODUCTS_DIR; };
/* End PBXFileReference section */

/* Begin PBXFrameworksBuildPhase section */
		2F99D07C24322A8E006C8BD3 /* Frameworks */ = {
			isa = PBXFrameworksBuildPhase;
			buildActionMask = 2147483647;
			files = (
				07DEC2713A9706D97D46CCEC /* Pods_oliveiras_bot.framework in Frameworks */,
			);
			runOnlyForDeploymentPostprocessing = 0;
		};
/* End PBXFrameworksBuildPhase section */

/* Begin PBXGroup section */
		2F99D07624322A8E006C8BD3 = {
			isa = PBXGroup;
			children = (
				2F99D08124322A8E006C8BD3 /* oliveiras-bot */,
				2F99D08024322A8E006C8BD3 /* Products */,
				55FFB8C31B51B1FA7B19B560 /* Pods */,
				5EF91106AB8D75DE4C799591 /* Frameworks */,
			);
			sourceTree = "<group>";
		};
		2F99D08024322A8E006C8BD3 /* Products */ = {
			isa = PBXGroup;
			children = (
				2F99D07F24322A8E006C8BD3 /* oliveiras-bot.app */,
			);
			name = Products;
			sourceTree = "<group>";
		};
		2F99D08124322A8E006C8BD3 /* oliveiras-bot */ = {
			isa = PBXGroup;
			children = (
				9C0500C52459CCCA00B7EC97 /* View */,
				9C0500C42459CCBC00B7EC97 /* Controller */,
				9C0500C32459CCA800B7EC97 /* Model */,
				2F99D08224322A8E006C8BD3 /* AppDelegate.swift */,
				2F99D08424322A8E006C8BD3 /* SceneDelegate.swift */,
				2F99D08824322A8E006C8BD3 /* Main.storyboard */,
				0B7CEA9C246EC339004B4255 /* Statistics.storyboard */,
				2F99D08B24322A90006C8BD3 /* Assets.xcassets */,
				2F99D08D24322A90006C8BD3 /* LaunchScreen.storyboard */,
				2F7E77A1246D947F00DE2FF0 /* GoogleService-Info.plist */,
				2F99D09024322A90006C8BD3 /* Info.plist */,
			);
			path = "oliveiras-bot";
			sourceTree = "<group>";
		};
		55FFB8C31B51B1FA7B19B560 /* Pods */ = {
			isa = PBXGroup;
			children = (
				6D56B23623790BC180C2590F /* Pods-oliveiras-bot.debug.xcconfig */,
				A3A533FA133524D938187BA1 /* Pods-oliveiras-bot.release.xcconfig */,
			);
			path = Pods;
			sourceTree = "<group>";
		};
		5EF91106AB8D75DE4C799591 /* Frameworks */ = {
			isa = PBXGroup;
			children = (
				FC442FAC5115D5F0825E4DFF /* Pods_oliveiras_bot.framework */,
			);
			name = Frameworks;
			sourceTree = "<group>";
		};
		9C0500C32459CCA800B7EC97 /* Model */ = {
			isa = PBXGroup;
			children = (
				9CF4996A2462DCA2005699EC /* Message.swift */,
			);
			path = Model;
			sourceTree = "<group>";
		};
		9C0500C42459CCBC00B7EC97 /* Controller */ = {
			isa = PBXGroup;
			children = (
				9CD47AF92460355A0098D864 /* ChatbotController.swift */,
				9C2D93F524643D030028F0EC /* StatisticsTableViewController.swift */,
				9C2D93F724643D150028F0EC /* FAQController.swift */,
				2F4A5558246EECEC00AD592F /* SSTableViewController.swift */,
			);
			path = Controller;
			sourceTree = "<group>";
		};
		9C0500C52459CCCA00B7EC97 /* View */ = {
			isa = PBXGroup;
			children = (
				9CF4996C2462E962005699EC /* MessageCell.swift */,
				2F4A5554246EE26700AD592F /* VisaoGeralTableViewCell.swift */,
				2F94DACD2472F32E00ED577C /* VisaoGeralTableViewCell.xib */,
			);
			path = View;
			sourceTree = "<group>";
		};
/* End PBXGroup section */

/* Begin PBXNativeTarget section */
		2F99D07E24322A8E006C8BD3 /* oliveiras-bot */ = {
			isa = PBXNativeTarget;
			buildConfigurationList = 2F99D09324322A90006C8BD3 /* Build configuration list for PBXNativeTarget "oliveiras-bot" */;
			buildPhases = (
				B3F244CFADA6C3BEA8161377 /* [CP] Check Pods Manifest.lock */,
				2F99D07B24322A8E006C8BD3 /* Sources */,
				2F99D07C24322A8E006C8BD3 /* Frameworks */,
				2F99D07D24322A8E006C8BD3 /* Resources */,
				1FFAD9AB51CCBC65652568C9 /* [CP] Embed Pods Frameworks */,
			);
			buildRules = (
			);
			dependencies = (
			);
			name = "oliveiras-bot";
			productName = "oliveiras-bot";
			productReference = 2F99D07F24322A8E006C8BD3 /* oliveiras-bot.app */;
			productType = "com.apple.product-type.application";
		};
/* End PBXNativeTarget section */

/* Begin PBXProject section */
		2F99D07724322A8E006C8BD3 /* Project object */ = {
			isa = PBXProject;
			attributes = {
				LastSwiftUpdateCheck = 1130;
				LastUpgradeCheck = 1130;
				ORGANIZATIONNAME = Oliveiras;
				TargetAttributes = {
					2F99D07E24322A8E006C8BD3 = {
						CreatedOnToolsVersion = 11.3.1;
					};
				};
			};
			buildConfigurationList = 2F99D07A24322A8E006C8BD3 /* Build configuration list for PBXProject "oliveiras-bot" */;
			compatibilityVersion = "Xcode 9.3";
			developmentRegion = en;
			hasScannedForEncodings = 0;
			knownRegions = (
				en,
				Base,
			);
			mainGroup = 2F99D07624322A8E006C8BD3;
			productRefGroup = 2F99D08024322A8E006C8BD3 /* Products */;
			projectDirPath = "";
			projectRoot = "";
			targets = (
				2F99D07E24322A8E006C8BD3 /* oliveiras-bot */,
			);
		};
/* End PBXProject section */

/* Begin PBXResourcesBuildPhase section */
		2F99D07D24322A8E006C8BD3 /* Resources */ = {
			isa = PBXResourcesBuildPhase;
			buildActionMask = 2147483647;
			files = (
				2F99D08F24322A90006C8BD3 /* LaunchScreen.storyboard in Resources */,
				2F94DACE2472F32E00ED577C /* VisaoGeralTableViewCell.xib in Resources */,
				2F7E77A2246D947F00DE2FF0 /* GoogleService-Info.plist in Resources */,
				2F99D08C24322A90006C8BD3 /* Assets.xcassets in Resources */,
				0B7CEA9D246EC339004B4255 /* Statistics.storyboard in Resources */,
				2F99D08A24322A8E006C8BD3 /* Main.storyboard in Resources */,
			);
			runOnlyForDeploymentPostprocessing = 0;
		};
/* End PBXResourcesBuildPhase section */

/* Begin PBXShellScriptBuildPhase section */
		1FFAD9AB51CCBC65652568C9 /* [CP] Embed Pods Frameworks */ = {
			isa = PBXShellScriptBuildPhase;
			buildActionMask = 2147483647;
			files = (
			);
			inputFileListPaths = (
				"${PODS_ROOT}/Target Support Files/Pods-oliveiras-bot/Pods-oliveiras-bot-frameworks-${CONFIGURATION}-input-files.xcfilelist",
			);
			name = "[CP] Embed Pods Frameworks";
			outputFileListPaths = (
				"${PODS_ROOT}/Target Support Files/Pods-oliveiras-bot/Pods-oliveiras-bot-frameworks-${CONFIGURATION}-output-files.xcfilelist",
			);
			runOnlyForDeploymentPostprocessing = 0;
			shellPath = /bin/sh;
			shellScript = "\"${PODS_ROOT}/Target Support Files/Pods-oliveiras-bot/Pods-oliveiras-bot-frameworks.sh\"\n";
			showEnvVarsInLog = 0;
		};
		B3F244CFADA6C3BEA8161377 /* [CP] Check Pods Manifest.lock */ = {
			isa = PBXShellScriptBuildPhase;
			buildActionMask = 2147483647;
			files = (
			);
			inputFileListPaths = (
			);
			inputPaths = (
				"${PODS_PODFILE_DIR_PATH}/Podfile.lock",
				"${PODS_ROOT}/Manifest.lock",
			);
			name = "[CP] Check Pods Manifest.lock";
			outputFileListPaths = (
			);
			outputPaths = (
				"$(DERIVED_FILE_DIR)/Pods-oliveiras-bot-checkManifestLockResult.txt",
			);
			runOnlyForDeploymentPostprocessing = 0;
			shellPath = /bin/sh;
			shellScript = "diff \"${PODS_PODFILE_DIR_PATH}/Podfile.lock\" \"${PODS_ROOT}/Manifest.lock\" > /dev/null\nif [ $? != 0 ] ; then\n    # print error to STDERR\n    echo \"error: The sandbox is not in sync with the Podfile.lock. Run 'pod install' or update your CocoaPods installation.\" >&2\n    exit 1\nfi\n# This output is used by Xcode 'outputs' to avoid re-running this script phase.\necho \"SUCCESS\" > \"${SCRIPT_OUTPUT_FILE_0}\"\n";
			showEnvVarsInLog = 0;
		};
/* End PBXShellScriptBuildPhase section */

/* Begin PBXSourcesBuildPhase section */
		2F99D07B24322A8E006C8BD3 /* Sources */ = {
			isa = PBXSourcesBuildPhase;
			buildActionMask = 2147483647;
			files = (
				2F4A5556246EE26700AD592F /* VisaoGeralTableViewCell.swift in Sources */,
				2F99D08324322A8E006C8BD3 /* AppDelegate.swift in Sources */,
				9CF4996B2462DCA2005699EC /* Message.swift in Sources */,
				2F99D08524322A8E006C8BD3 /* SceneDelegate.swift in Sources */,
				9C2D93F624643D030028F0EC /* StatisticsTableViewController.swift in Sources */,
				9C2D93F624643D030028F0EC /* StatisticsController.swift in Sources */,
				2F4A5559246EECEC00AD592F /* SSTableViewController.swift in Sources */,
				9C2D93F824643D150028F0EC /* FAQController.swift in Sources */,
				9CD47AFA2460355A0098D864 /* ChatbotController.swift in Sources */,
				9CF4996D2462E962005699EC /* MessageCell.swift in Sources */,
			);
			runOnlyForDeploymentPostprocessing = 0;
		};
/* End PBXSourcesBuildPhase section */

/* Begin PBXVariantGroup section */
		2F99D08824322A8E006C8BD3 /* Main.storyboard */ = {
			isa = PBXVariantGroup;
			children = (
				2F99D08924322A8E006C8BD3 /* Base */,
			);
			name = Main.storyboard;
			sourceTree = "<group>";
		};
		2F99D08D24322A90006C8BD3 /* LaunchScreen.storyboard */ = {
			isa = PBXVariantGroup;
			children = (
				2F99D08E24322A90006C8BD3 /* Base */,
			);
			name = LaunchScreen.storyboard;
			sourceTree = "<group>";
		};
/* End PBXVariantGroup section */

/* Begin XCBuildConfiguration section */
		2F99D09124322A90006C8BD3 /* Debug */ = {
			isa = XCBuildConfiguration;
			buildSettings = {
				ALWAYS_SEARCH_USER_PATHS = NO;
				CLANG_ANALYZER_NONNULL = YES;
				CLANG_ANALYZER_NUMBER_OBJECT_CONVERSION = YES_AGGRESSIVE;
				CLANG_CXX_LANGUAGE_STANDARD = "gnu++14";
				CLANG_CXX_LIBRARY = "libc++";
				CLANG_ENABLE_MODULES = YES;
				CLANG_ENABLE_OBJC_ARC = YES;
				CLANG_ENABLE_OBJC_WEAK = YES;
				CLANG_WARN_BLOCK_CAPTURE_AUTORELEASING = YES;
				CLANG_WARN_BOOL_CONVERSION = YES;
				CLANG_WARN_COMMA = YES;
				CLANG_WARN_CONSTANT_CONVERSION = YES;
				CLANG_WARN_DEPRECATED_OBJC_IMPLEMENTATIONS = YES;
				CLANG_WARN_DIRECT_OBJC_ISA_USAGE = YES_ERROR;
				CLANG_WARN_DOCUMENTATION_COMMENTS = YES;
				CLANG_WARN_EMPTY_BODY = YES;
				CLANG_WARN_ENUM_CONVERSION = YES;
				CLANG_WARN_INFINITE_RECURSION = YES;
				CLANG_WARN_INT_CONVERSION = YES;
				CLANG_WARN_NON_LITERAL_NULL_CONVERSION = YES;
				CLANG_WARN_OBJC_IMPLICIT_RETAIN_SELF = YES;
				CLANG_WARN_OBJC_LITERAL_CONVERSION = YES;
				CLANG_WARN_OBJC_ROOT_CLASS = YES_ERROR;
				CLANG_WARN_RANGE_LOOP_ANALYSIS = YES;
				CLANG_WARN_STRICT_PROTOTYPES = YES;
				CLANG_WARN_SUSPICIOUS_MOVE = YES;
				CLANG_WARN_UNGUARDED_AVAILABILITY = YES_AGGRESSIVE;
				CLANG_WARN_UNREACHABLE_CODE = YES;
				CLANG_WARN__DUPLICATE_METHOD_MATCH = YES;
				COPY_PHASE_STRIP = NO;
				DEBUG_INFORMATION_FORMAT = dwarf;
				ENABLE_STRICT_OBJC_MSGSEND = YES;
				ENABLE_TESTABILITY = YES;
				GCC_C_LANGUAGE_STANDARD = gnu11;
				GCC_DYNAMIC_NO_PIC = NO;
				GCC_NO_COMMON_BLOCKS = YES;
				GCC_OPTIMIZATION_LEVEL = 0;
				GCC_PREPROCESSOR_DEFINITIONS = (
					"DEBUG=1",
					"$(inherited)",
				);
				GCC_WARN_64_TO_32_BIT_CONVERSION = YES;
				GCC_WARN_ABOUT_RETURN_TYPE = YES_ERROR;
				GCC_WARN_UNDECLARED_SELECTOR = YES;
				GCC_WARN_UNINITIALIZED_AUTOS = YES_AGGRESSIVE;
				GCC_WARN_UNUSED_FUNCTION = YES;
				GCC_WARN_UNUSED_VARIABLE = YES;
				IPHONEOS_DEPLOYMENT_TARGET = 13.2;
				MTL_ENABLE_DEBUG_INFO = INCLUDE_SOURCE;
				MTL_FAST_MATH = YES;
				ONLY_ACTIVE_ARCH = YES;
				SDKROOT = iphoneos;
				SWIFT_ACTIVE_COMPILATION_CONDITIONS = DEBUG;
				SWIFT_OPTIMIZATION_LEVEL = "-Onone";
			};
			name = Debug;
		};
		2F99D09224322A90006C8BD3 /* Release */ = {
			isa = XCBuildConfiguration;
			buildSettings = {
				ALWAYS_SEARCH_USER_PATHS = NO;
				CLANG_ANALYZER_NONNULL = YES;
				CLANG_ANALYZER_NUMBER_OBJECT_CONVERSION = YES_AGGRESSIVE;
				CLANG_CXX_LANGUAGE_STANDARD = "gnu++14";
				CLANG_CXX_LIBRARY = "libc++";
				CLANG_ENABLE_MODULES = YES;
				CLANG_ENABLE_OBJC_ARC = YES;
				CLANG_ENABLE_OBJC_WEAK = YES;
				CLANG_WARN_BLOCK_CAPTURE_AUTORELEASING = YES;
				CLANG_WARN_BOOL_CONVERSION = YES;
				CLANG_WARN_COMMA = YES;
				CLANG_WARN_CONSTANT_CONVERSION = YES;
				CLANG_WARN_DEPRECATED_OBJC_IMPLEMENTATIONS = YES;
				CLANG_WARN_DIRECT_OBJC_ISA_USAGE = YES_ERROR;
				CLANG_WARN_DOCUMENTATION_COMMENTS = YES;
				CLANG_WARN_EMPTY_BODY = YES;
				CLANG_WARN_ENUM_CONVERSION = YES;
				CLANG_WARN_INFINITE_RECURSION = YES;
				CLANG_WARN_INT_CONVERSION = YES;
				CLANG_WARN_NON_LITERAL_NULL_CONVERSION = YES;
				CLANG_WARN_OBJC_IMPLICIT_RETAIN_SELF = YES;
				CLANG_WARN_OBJC_LITERAL_CONVERSION = YES;
				CLANG_WARN_OBJC_ROOT_CLASS = YES_ERROR;
				CLANG_WARN_RANGE_LOOP_ANALYSIS = YES;
				CLANG_WARN_STRICT_PROTOTYPES = YES;
				CLANG_WARN_SUSPICIOUS_MOVE = YES;
				CLANG_WARN_UNGUARDED_AVAILABILITY = YES_AGGRESSIVE;
				CLANG_WARN_UNREACHABLE_CODE = YES;
				CLANG_WARN__DUPLICATE_METHOD_MATCH = YES;
				COPY_PHASE_STRIP = NO;
				DEBUG_INFORMATION_FORMAT = "dwarf-with-dsym";
				ENABLE_NS_ASSERTIONS = NO;
				ENABLE_STRICT_OBJC_MSGSEND = YES;
				GCC_C_LANGUAGE_STANDARD = gnu11;
				GCC_NO_COMMON_BLOCKS = YES;
				GCC_WARN_64_TO_32_BIT_CONVERSION = YES;
				GCC_WARN_ABOUT_RETURN_TYPE = YES_ERROR;
				GCC_WARN_UNDECLARED_SELECTOR = YES;
				GCC_WARN_UNINITIALIZED_AUTOS = YES_AGGRESSIVE;
				GCC_WARN_UNUSED_FUNCTION = YES;
				GCC_WARN_UNUSED_VARIABLE = YES;
				IPHONEOS_DEPLOYMENT_TARGET = 13.2;
				MTL_ENABLE_DEBUG_INFO = NO;
				MTL_FAST_MATH = YES;
				SDKROOT = iphoneos;
				SWIFT_COMPILATION_MODE = wholemodule;
				SWIFT_OPTIMIZATION_LEVEL = "-O";
				VALIDATE_PRODUCT = YES;
			};
			name = Release;
		};
		2F99D09424322A90006C8BD3 /* Debug */ = {
			isa = XCBuildConfiguration;
			baseConfigurationReference = 6D56B23623790BC180C2590F /* Pods-oliveiras-bot.debug.xcconfig */;
			buildSettings = {
				ASSETCATALOG_COMPILER_APPICON_NAME = AppIcon;
				CODE_SIGN_STYLE = Automatic;
				DEVELOPMENT_TEAM = FKFGBBGDU2;
				INFOPLIST_FILE = "oliveiras-bot/Info.plist";
				LD_RUNPATH_SEARCH_PATHS = (
					"$(inherited)",
					"@executable_path/Frameworks",
				);
				PRODUCT_BUNDLE_IDENTIFIER = "com.oliveiras.oliveiras-bot.oliveiras-bot";
				PRODUCT_NAME = "$(TARGET_NAME)";
				SWIFT_VERSION = 5.0;
				TARGETED_DEVICE_FAMILY = "1,2";
			};
			name = Debug;
		};
		2F99D09524322A90006C8BD3 /* Release */ = {
			isa = XCBuildConfiguration;
			baseConfigurationReference = A3A533FA133524D938187BA1 /* Pods-oliveiras-bot.release.xcconfig */;
			buildSettings = {
				ASSETCATALOG_COMPILER_APPICON_NAME = AppIcon;
				CODE_SIGN_STYLE = Automatic;
				DEVELOPMENT_TEAM = FKFGBBGDU2;
				INFOPLIST_FILE = "oliveiras-bot/Info.plist";
				LD_RUNPATH_SEARCH_PATHS = (
					"$(inherited)",
					"@executable_path/Frameworks",
				);
				PRODUCT_BUNDLE_IDENTIFIER = "com.oliveiras.oliveiras-bot.oliveiras-bot";
				PRODUCT_NAME = "$(TARGET_NAME)";
				SWIFT_VERSION = 5.0;
				TARGETED_DEVICE_FAMILY = "1,2";
			};
			name = Release;
		};
/* End XCBuildConfiguration section */

/* Begin XCConfigurationList section */
		2F99D07A24322A8E006C8BD3 /* Build configuration list for PBXProject "oliveiras-bot" */ = {
			isa = XCConfigurationList;
			buildConfigurations = (
				2F99D09124322A90006C8BD3 /* Debug */,
				2F99D09224322A90006C8BD3 /* Release */,
			);
			defaultConfigurationIsVisible = 0;
			defaultConfigurationName = Release;
		};
		2F99D09324322A90006C8BD3 /* Build configuration list for PBXNativeTarget "oliveiras-bot" */ = {
			isa = XCConfigurationList;
			buildConfigurations = (
				2F99D09424322A90006C8BD3 /* Debug */,
				2F99D09524322A90006C8BD3 /* Release */,
			);
			defaultConfigurationIsVisible = 0;
			defaultConfigurationName = Release;
		};
/* End XCConfigurationList section */
	};
	rootObject = 2F99D07724322A8E006C8BD3 /* Project object */;
}
